
Microsoft Visual Studio Solution File, Format Version 12.00
# Visual Studio Version 17
VisualStudioVersion = 17.12.35707.178
MinimumVisualStudioVersion = 10.0.40219.1
Project("{FAE04EC0-301F-11D3-BF4B-00C04F79EFBC}") = "Exercicio_1", "Exercicio_1.csproj", "{7083238C-4DC2-46FD-BF15-9E8D77981EBA}"
EndProject
Project("{FAE04EC0-301F-11D3-BF4B-00C04F79EFBC}") = "Exercicio_2", "..\Exercicio_2\Exercicio_2.csproj", "{A7159BE0-8FDB-4CE3-B2E4-F811206A0C61}"
EndProject
Project("{FAE04EC0-301F-11D3-BF4B-00C04F79EFBC}") = "Exercicio_3", "..\Exercicio_3\Exercicio_3.csproj", "{2B0BC60E-AFEE-4455-A531-FE234DE87BCC}"
EndProject
Project("{FAE04EC0-301F-11D3-BF4B-00C04F79EFBC}") = "Exercicio_6", "..\Exercicio_6\Exercicio_6.csproj", "{89959450-C922-4BD8-B189-D36AE6215B43}"
EndProject
Project("{FAE04EC0-301F-11D3-BF4B-00C04F79EFBC}") = "Exercicio_7", "..\Exercicio_7\Exercicio_7.csproj", "{17491453-68FF-4ED0-BCCC-60C4697E41C7}"
EndProject
Project("{FAE04EC0-301F-11D3-BF4B-00C04F79EFBC}") = "Exercicio_8", "..\Exercicio_8\Exercicio_8.csproj", "{B1872AB4-71F3-485F-A05F-809E050CC2C6}"
EndProject
Project("{FAE04EC0-301F-11D3-BF4B-00C04F79EFBC}") = "Exercicio_9", "..\Exercicio_9\Exercicio_9.csproj", "{F3887689-1CE1-4063-9EF5-731489419631}"
EndProject
Project("{FAE04EC0-301F-11D3-BF4B-00C04F79EFBC}") = "Exercicio_10", "..\Exercicio_10\Exercicio_10.csproj", "{13EFF2A9-0D2C-4A74-99FE-7A8D4FB46CAB}"
EndProject
Project("{FAE04EC0-301F-11D3-BF4B-00C04F79EFBC}") = "Exercicio_11", "..\Exercicio_11\Exercicio_11.csproj", "{7B137741-9273-4AAB-B3EC-9B1C93C79450}"
EndProject
Project("{FAE04EC0-301F-11D3-BF4B-00C04F79EFBC}") = "Exercicio_4", "..\Exercicio_4\Exercicio_4.csproj", "{257E8CD4-6B2F-4AB1-A0D0-223461B56C1C}"
EndProject
Project("{FAE04EC0-301F-11D3-BF4B-00C04F79EFBC}") = "Exercicio_5", "..\Exercicio_5\Exercicio_5.csproj", "{CD50B4E6-8B15-48BD-B6B5-B9CC300493E3}"
EndProject
Project("{FAE04EC0-301F-11D3-BF4B-00C04F79EFBC}") = "Exercicio_12", "..\Exercicio_12\Exercicio_12.csproj", "{A29A6284-1288-4EB3-ACB9-7007D52BE3B0}"
EndProject
Global
	GlobalSection(SolutionConfigurationPlatforms) = preSolution
		Debug|Any CPU = Debug|Any CPU
		Release|Any CPU = Release|Any CPU
	EndGlobalSection
	GlobalSection(ProjectConfigurationPlatforms) = postSolution
		{7083238C-4DC2-46FD-BF15-9E8D77981EBA}.Debug|Any CPU.ActiveCfg = Debug|Any CPU
		{7083238C-4DC2-46FD-BF15-9E8D77981EBA}.Debug|Any CPU.Build.0 = Debug|Any CPU
		{7083238C-4DC2-46FD-BF15-9E8D77981EBA}.Release|Any CPU.ActiveCfg = Release|Any CPU
		{7083238C-4DC2-46FD-BF15-9E8D77981EBA}.Release|Any CPU.Build.0 = Release|Any CPU
		{A7159BE0-8FDB-4CE3-B2E4-F811206A0C61}.Debug|Any CPU.ActiveCfg = Debug|Any CPU
		{A7159BE0-8FDB-4CE3-B2E4-F811206A0C61}.Debug|Any CPU.Build.0 = Debug|Any CPU
		{A7159BE0-8FDB-4CE3-B2E4-F811206A0C61}.Release|Any CPU.ActiveCfg = Release|Any CPU
		{A7159BE0-8FDB-4CE3-B2E4-F811206A0C61}.Release|Any CPU.Build.0 = Release|Any CPU
		{2B0BC60E-AFEE-4455-A531-FE234DE87BCC}.Debug|Any CPU.ActiveCfg = Debug|Any CPU
		{2B0BC60E-AFEE-4455-A531-FE234DE87BCC}.Debug|Any CPU.Build.0 = Debug|Any CPU
		{2B0BC60E-AFEE-4455-A531-FE234DE87BCC}.Release|Any CPU.ActiveCfg = Release|Any CPU
		{2B0BC60E-AFEE-4455-A531-FE234DE87BCC}.Release|Any CPU.Build.0 = Release|Any CPU
		{89959450-C922-4BD8-B189-D36AE6215B43}.Debug|Any CPU.ActiveCfg = Debug|Any CPU
		{89959450-C922-4BD8-B189-D36AE6215B43}.Debug|Any CPU.Build.0 = Debug|Any CPU
		{89959450-C922-4BD8-B189-D36AE6215B43}.Release|Any CPU.ActiveCfg = Release|Any CPU
		{89959450-C922-4BD8-B189-D36AE6215B43}.Release|Any CPU.Build.0 = Release|Any CPU
		{17491453-68FF-4ED0-BCCC-60C4697E41C7}.Debug|Any CPU.ActiveCfg = Debug|Any CPU
		{17491453-68FF-4ED0-BCCC-60C4697E41C7}.Debug|Any CPU.Build.0 = Debug|Any CPU
		{17491453-68FF-4ED0-BCCC-60C4697E41C7}.Release|Any CPU.ActiveCfg = Release|Any CPU
		{17491453-68FF-4ED0-BCCC-60C4697E41C7}.Release|Any CPU.Build.0 = Release|Any CPU
		{B1872AB4-71F3-485F-A05F-809E050CC2C6}.Debug|Any CPU.ActiveCfg = Debug|Any CPU
		{B1872AB4-71F3-485F-A05F-809E050CC2C6}.Debug|Any CPU.Build.0 = Debug|Any CPU
		{B1872AB4-71F3-485F-A05F-809E050CC2C6}.Release|Any CPU.ActiveCfg = Release|Any CPU
		{B1872AB4-71F3-485F-A05F-809E050CC2C6}.Release|Any CPU.Build.0 = Release|Any CPU
		{F3887689-1CE1-4063-9EF5-731489419631}.Debug|Any CPU.ActiveCfg = Debug|Any CPU
		{F3887689-1CE1-4063-9EF5-731489419631}.Debug|Any CPU.Build.0 = Debug|Any CPU
		{F3887689-1CE1-4063-9EF5-731489419631}.Release|Any CPU.ActiveCfg = Release|Any CPU
		{F3887689-1CE1-4063-9EF5-731489419631}.Release|Any CPU.Build.0 = Release|Any CPU
		{13EFF2A9-0D2C-4A74-99FE-7A8D4FB46CAB}.Debug|Any CPU.ActiveCfg = Debug|Any CPU
		{13EFF2A9-0D2C-4A74-99FE-7A8D4FB46CAB}.Debug|Any CPU.Build.0 = Debug|Any CPU
		{13EFF2A9-0D2C-4A74-99FE-7A8D4FB46CAB}.Release|Any CPU.ActiveCfg = Release|Any CPU
		{13EFF2A9-0D2C-4A74-99FE-7A8D4FB46CAB}.Release|Any CPU.Build.0 = Release|Any CPU
		{7B137741-9273-4AAB-B3EC-9B1C93C79450}.Debug|Any CPU.ActiveCfg = Debug|Any CPU
		{7B137741-9273-4AAB-B3EC-9B1C93C79450}.Debug|Any CPU.Build.0 = Debug|Any CPU
		{7B137741-9273-4AAB-B3EC-9B1C93C79450}.Release|Any CPU.ActiveCfg = Release|Any CPU
		{7B137741-9273-4AAB-B3EC-9B1C93C79450}.Release|Any CPU.Build.0 = Release|Any CPU
		{257E8CD4-6B2F-4AB1-A0D0-223461B56C1C}.Debug|Any CPU.ActiveCfg = Debug|Any CPU
		{257E8CD4-6B2F-4AB1-A0D0-223461B56C1C}.Debug|Any CPU.Build.0 = Debug|Any CPU
		{257E8CD4-6B2F-4AB1-A0D0-223461B56C1C}.Release|Any CPU.ActiveCfg = Release|Any CPU
		{257E8CD4-6B2F-4AB1-A0D0-223461B56C1C}.Release|Any CPU.Build.0 = Release|Any CPU
		{CD50B4E6-8B15-48BD-B6B5-B9CC300493E3}.Debug|Any CPU.ActiveCfg = Debug|Any CPU
		{CD50B4E6-8B15-48BD-B6B5-B9CC300493E3}.Debug|Any CPU.Build.0 = Debug|Any CPU
		{CD50B4E6-8B15-48BD-B6B5-B9CC300493E3}.Release|Any CPU.ActiveCfg = Release|Any CPU
		{CD50B4E6-8B15-48BD-B6B5-B9CC300493E3}.Release|Any CPU.Build.0 = Release|Any CPU
		{A29A6284-1288-4EB3-ACB9-7007D52BE3B0}.Debug|Any CPU.ActiveCfg = Debug|Any CPU
		{A29A6284-1288-4EB3-ACB9-7007D52BE3B0}.Debug|Any CPU.Build.0 = Debug|Any CPU
		{A29A6284-1288-4EB3-ACB9-7007D52BE3B0}.Release|Any CPU.ActiveCfg = Release|Any CPU
		{A29A6284-1288-4EB3-ACB9-7007D52BE3B0}.Release|Any CPU.Build.0 = Release|Any CPU
	EndGlobalSection
	GlobalSection(SolutionProperties) = preSolution
		HideSolutionNode = FALSE
	EndGlobalSection
EndGlobal
